
Microsoft Visual Studio Solution File, Format Version 12.00
# Visual Studio 14
VisualStudioVersion = 14.0.23107.0
MinimumVisualStudioVersion = 10.0.40219.1
Project("{2150E333-8FDC-42A3-9474-1A3956D46DE8}") = "src", "src", "{9C9075FD-3C27-42CF-A18B-82ABE23CC7A0}"
EndProject
Project("{2150E333-8FDC-42A3-9474-1A3956D46DE8}") = "Solution Items", "Solution Items", "{EB2422E8-6C16-484A-9B37-98405B56BBBC}"
	ProjectSection(SolutionItems) = preProject
		.gitignore = .gitignore
		.travis.yml = .travis.yml
		appveyor.yml = appveyor.yml
		build.cmd = build.cmd
		build.sh = build.sh
		global.json = global.json
		LICENSE = LICENSE
		makefile.shade = makefile.shade
		NuGet.Config = NuGet.Config
		README.md = README.md
	EndProjectSection
EndProject
Project("{8BB2217D-0F2D-49D1-97BC-3654ED321F3B}") = "PipeCI.Website", "src\PipeCI.Website\PipeCI.Website.xproj", "{F860CA07-1865-47CA-8F48-A7DB369EA627}"
EndProject
Global
	GlobalSection(SolutionConfigurationPlatforms) = preSolution
		Debug|Any CPU = Debug|Any CPU
		Release|Any CPU = Release|Any CPU
	EndGlobalSection
	GlobalSection(ProjectConfigurationPlatforms) = postSolution
		{F860CA07-1865-47CA-8F48-A7DB369EA627}.Debug|Any CPU.ActiveCfg = Debug|Any CPU
		{F860CA07-1865-47CA-8F48-A7DB369EA627}.Debug|Any CPU.Build.0 = Debug|Any CPU
		{F860CA07-1865-47CA-8F48-A7DB369EA627}.Release|Any CPU.ActiveCfg = Release|Any CPU
		{F860CA07-1865-47CA-8F48-A7DB369EA627}.Release|Any CPU.Build.0 = Release|Any CPU
	EndGlobalSection
	GlobalSection(SolutionProperties) = preSolution
		HideSolutionNode = FALSE
	EndGlobalSection
	GlobalSection(NestedProjects) = preSolution
		{F860CA07-1865-47CA-8F48-A7DB369EA627} = {9C9075FD-3C27-42CF-A18B-82ABE23CC7A0}
	EndGlobalSection
EndGlobal
